{
  "requires": true,
  "lockfileVersion": 1,
  "dependencies": {
    "add-px-to-style": {
      "version": "1.0.0",
      "resolved": "https://registry.npm.taobao.org/add-px-to-style/download/add-px-to-style-1.0.0.tgz",
      "integrity": "sha1-0ME1RB+oAUqBN5BFMQlvZ/KPJjo="
    },
    "dom-css": {
      "version": "2.1.0",
      "resolved": "https://registry.npm.taobao.org/dom-css/download/dom-css-2.1.0.tgz",
      "integrity": "sha1-/bwtWgFdCj4YcuEUcrvQ57nmogI=",
      "requires": {
        "add-px-to-style": "1.0.0",
        "prefix-style": "2.0.1",
        "to-camel-case": "1.0.0"
      }
    },
    "js-tokens": {
      "version": "4.0.0",
      "resolved": "https://registry.npm.taobao.org/js-tokens/download/js-tokens-4.0.0.tgz",
      "integrity": "sha1-GSA/tZmR35jjoocFDUZHzerzJJk="
    },
    "loose-envify": {
      "version": "1.4.0",
      "resolved": "https://registry.npm.taobao.org/loose-envify/download/loose-envify-1.4.0.tgz",
      "integrity": "sha1-ce5R+nvkyuwaY4OffmgtgTLTDK8=",
      "requires": {
        "js-tokens": "^3.0.0 || ^4.0.0"
      }
    },
    "moment": {
      "version": "2.24.0",
      "resolved": "https://registry.npm.taobao.org/moment/download/moment-2.24.0.tgz",
      "integrity": "sha1-DQVdU/UFKqZTyfbraLtdEr9cK1s="
    },
    "object-assign": {
      "version": "4.1.1",
      "resolved": "https://registry.npm.taobao.org/object-assign/download/object-assign-4.1.1.tgz",
      "integrity": "sha1-IQmtx5ZYh8/AXLvUQsrIv7s2CGM="
    },
    "performance-now": {
      "version": "2.1.0",
      "resolved": "https://registry.npm.taobao.org/performance-now/download/performance-now-2.1.0.tgz",
      "integrity": "sha1-Ywn04OX6kT7BxpMHrjZLSzd8nns="
    },
    "prefix-style": {
      "version": "2.0.1",
      "resolved": "https://registry.npm.taobao.org/prefix-style/download/prefix-style-2.0.1.tgz",
      "integrity": "sha1-ZrupqHDP2jCKXcIOhekSCTLJWgY="
    },
    "prop-types": {
      "version": "15.7.2",
      "resolved": "https://registry.npm.taobao.org/prop-types/download/prop-types-15.7.2.tgz",
      "integrity": "sha1-UsQedbjIfnK52TYOAga5ncv/psU=",
      "requires": {
        "loose-envify": "^1.4.0",
        "object-assign": "^4.1.1",
        "react-is": "^16.8.1"
      }
    },
    "raf": {
      "version": "3.4.1",
      "resolved": "https://registry.npm.taobao.org/raf/download/raf-3.4.1.tgz",
      "integrity": "sha1-B0LpmkplUvRF1z4+4DKK8P8e3jk=",
      "requires": {
        "performance-now": "^2.1.0"
      }
    },
    "react-custom-scrollbars": {
      "version": "4.2.1",
      "resolved": "https://registry.npm.taobao.org/react-custom-scrollbars/download/react-custom-scrollbars-4.2.1.tgz",
      "integrity": "sha1-gw/ZUCkn6X6KeMIIaBOJmyqLZts=",
      "requires": {
        "dom-css": "^2.0.0",
        "prop-types": "^15.5.10",
        "raf": "^3.1.0"
      }
    },
    "react-is": {
      "version": "16.11.0",
      "resolved": "https://registry.npm.taobao.org/react-is/download/react-is-16.11.0.tgz",
      "integrity": "sha1-uF3+zUitHORp/1WKiCyo6DE5KPo="
    },
    "to-camel-case": {
      "version": "1.0.0",
      "resolved": "https://registry.npm.taobao.org/to-camel-case/download/to-camel-case-1.0.0.tgz",
      "integrity": "sha1-GlYFSy+daWKYzmamCJcyK29CPkY=",
      "requires": {
        "to-space-case": "^1.0.0"
      }
    },
    "to-no-case": {
      "version": "1.0.2",
      "resolved": "https://registry.npm.taobao.org/to-no-case/download/to-no-case-1.0.2.tgz",
      "integrity": "sha1-xyKQcWTvaxeBMsjmmTAhLRtKoWo="
    },
    "to-space-case": {
      "version": "1.0.0",
      "resolved": "https://registry.npm.taobao.org/to-space-case/download/to-space-case-1.0.0.tgz",
      "integrity": "sha1-sFLar7Gysp3HcM6gFj5ewOvJ/Bc=",
      "requires": {
        "to-no-case": "^1.0.0"
      }
    }
  }
}
